
Microsoft Visual Studio Solution File, Format Version 12.00
# Visual Studio Version 16
VisualStudioVersion = 16.0.31911.196
MinimumVisualStudioVersion = 10.0.40219.1
Project("{FAE04EC0-301F-11D3-BF4B-00C04F79EFBC}") = "Lab06_KolisnichenkoMaksym", "Lab06_KolisnichenkoMaksym\Lab06_KolisnichenkoMaksym.csproj", "{D07E4F85-75E0-4D37-A64B-440A4BA3785D}"
EndProject
Global
	GlobalSection(SolutionConfigurationPlatforms) = preSolution
		Debug|Any CPU = Debug|Any CPU
		Release|Any CPU = Release|Any CPU
	EndGlobalSection
	GlobalSection(ProjectConfigurationPlatforms) = postSolution
		{D07E4F85-75E0-4D37-A64B-440A4BA3785D}.Debug|Any CPU.ActiveCfg = Debug|Any CPU
		{D07E4F85-75E0-4D37-A64B-440A4BA3785D}.Debug|Any CPU.Build.0 = Debug|Any CPU
		{D07E4F85-75E0-4D37-A64B-440A4BA3785D}.Release|Any CPU.ActiveCfg = Release|Any CPU
		{D07E4F85-75E0-4D37-A64B-440A4BA3785D}.Release|Any CPU.Build.0 = Release|Any CPU
	EndGlobalSection
	GlobalSection(SolutionProperties) = preSolution
		HideSolutionNode = FALSE
	EndGlobalSection
	GlobalSection(ExtensibilityGlobals) = postSolution
		SolutionGuid = {F27C96A7-E781-466B-812B-B7AF4735CD0F}
	EndGlobalSection
EndGlobal
